
Microsoft Visual Studio Solution File, Format Version 12.00
# Visual Studio Version 17
VisualStudioVersion = 17.5.002.0
MinimumVisualStudioVersion = 10.0.40219.1
Project("{9A19103F-16F7-4668-BE54-9A1E7A4F7556}") = "web_blazor_server", "web_blazor_server\web_blazor_server.csproj", "{DC10FBA4-4FAD-4D23-86E0-50219E81C589}"
EndProject
Global
	GlobalSection(SolutionConfigurationPlatforms) = preSolution
		Debug|Any CPU = Debug|Any CPU
		Release|Any CPU = Release|Any CPU
	EndGlobalSection
	GlobalSection(ProjectConfigurationPlatforms) = postSolution
		{DC10FBA4-4FAD-4D23-86E0-50219E81C589}.Debug|Any CPU.ActiveCfg = Debug|Any CPU
		{DC10FBA4-4FAD-4D23-86E0-50219E81C589}.Debug|Any CPU.Build.0 = Debug|Any CPU
		{DC10FBA4-4FAD-4D23-86E0-50219E81C589}.Release|Any CPU.ActiveCfg = Release|Any CPU
		{DC10FBA4-4FAD-4D23-86E0-50219E81C589}.Release|Any CPU.Build.0 = Release|Any CPU
	EndGlobalSection
	GlobalSection(SolutionProperties) = preSolution
		HideSolutionNode = FALSE
	EndGlobalSection
	GlobalSection(ExtensibilityGlobals) = postSolution
		SolutionGuid = {D763817C-41E3-4383-B678-8FC0987044E8}
	EndGlobalSection
EndGlobal
